
Microsoft Visual Studio Solution File, Format Version 12.00
# Visual Studio Version 17
VisualStudioVersion = 17.3.32901.215
MinimumVisualStudioVersion = 10.0.40219.1
Project("{9A19103F-16F7-4668-BE54-9A1E7A4F7556}") = "AUG2023_WebAPI_MorBatNg", "AUG2023_WebAPI_MorBatNg\AUG2023_WebAPI_MorBatNg.csproj", "{98AB9B66-78EC-485A-A8B2-B338AB36A6AD}"
EndProject
Project("{9A19103F-16F7-4668-BE54-9A1E7A4F7556}") = "WebAPICodeFirstCreateDB", "WebAPICodeFirstCreateDB\WebAPICodeFirstCreateDB.csproj", "{42EE50F7-A79A-4AA7-A909-9AB192258F3D}"
EndProject
Project("{9A19103F-16F7-4668-BE54-9A1E7A4F7556}") = "CodeFirstMigrationDemo", "CodeFirstMigrationDemo\CodeFirstMigrationDemo.csproj", "{3650CF33-CC09-4A84-8659-48FD6017B998}"
EndProject
Project("{FAE04EC0-301F-11D3-BF4B-00C04F79EFBC}") = "WebAPICustomFormatters", "WebAPICustomFormatters\WebAPICustomFormatters.csproj", "{7DFA0EAF-2910-4122-843B-E3BA0226A3F3}"
EndProject
Global
	GlobalSection(SolutionConfigurationPlatforms) = preSolution
		Debug|Any CPU = Debug|Any CPU
		Release|Any CPU = Release|Any CPU
	EndGlobalSection
	GlobalSection(ProjectConfigurationPlatforms) = postSolution
		{98AB9B66-78EC-485A-A8B2-B338AB36A6AD}.Debug|Any CPU.ActiveCfg = Debug|Any CPU
		{98AB9B66-78EC-485A-A8B2-B338AB36A6AD}.Debug|Any CPU.Build.0 = Debug|Any CPU
		{98AB9B66-78EC-485A-A8B2-B338AB36A6AD}.Release|Any CPU.ActiveCfg = Release|Any CPU
		{98AB9B66-78EC-485A-A8B2-B338AB36A6AD}.Release|Any CPU.Build.0 = Release|Any CPU
		{42EE50F7-A79A-4AA7-A909-9AB192258F3D}.Debug|Any CPU.ActiveCfg = Debug|Any CPU
		{42EE50F7-A79A-4AA7-A909-9AB192258F3D}.Debug|Any CPU.Build.0 = Debug|Any CPU
		{42EE50F7-A79A-4AA7-A909-9AB192258F3D}.Release|Any CPU.ActiveCfg = Release|Any CPU
		{42EE50F7-A79A-4AA7-A909-9AB192258F3D}.Release|Any CPU.Build.0 = Release|Any CPU
		{3650CF33-CC09-4A84-8659-48FD6017B998}.Debug|Any CPU.ActiveCfg = Debug|Any CPU
		{3650CF33-CC09-4A84-8659-48FD6017B998}.Debug|Any CPU.Build.0 = Debug|Any CPU
		{3650CF33-CC09-4A84-8659-48FD6017B998}.Release|Any CPU.ActiveCfg = Release|Any CPU
		{3650CF33-CC09-4A84-8659-48FD6017B998}.Release|Any CPU.Build.0 = Release|Any CPU
		{7DFA0EAF-2910-4122-843B-E3BA0226A3F3}.Debug|Any CPU.ActiveCfg = Debug|Any CPU
		{7DFA0EAF-2910-4122-843B-E3BA0226A3F3}.Debug|Any CPU.Build.0 = Debug|Any CPU
		{7DFA0EAF-2910-4122-843B-E3BA0226A3F3}.Release|Any CPU.ActiveCfg = Release|Any CPU
		{7DFA0EAF-2910-4122-843B-E3BA0226A3F3}.Release|Any CPU.Build.0 = Release|Any CPU
	EndGlobalSection
	GlobalSection(SolutionProperties) = preSolution
		HideSolutionNode = FALSE
	EndGlobalSection
	GlobalSection(ExtensibilityGlobals) = postSolution
		SolutionGuid = {0D0C6064-A887-4841-B82A-A9EBF0F250FF}
	EndGlobalSection
EndGlobal
